// !$*UTF8*$!
{
	archiveVersion = 1;
	classes = {
	};
	objectVersion = 56;
	objects = {

/* Begin PBXBuildFile section */
		CCB349132AF9E5EC00DC1267 /* WACApp.swift in Sources */ = {isa = PBXBuildFile; fileRef = CCB349122AF9E5EC00DC1267 /* WACApp.swift */; };
		CCB349152AF9E5EC00DC1267 /* ContentView.swift in Sources */ = {isa = PBXBuildFile; fileRef = CCB349142AF9E5EC00DC1267 /* ContentView.swift */; };
		CCB349172AF9E5EE00DC1267 /* Assets.xcassets in Resources */ = {isa = PBXBuildFile; fileRef = CCB349162AF9E5EE00DC1267 /* Assets.xcassets */; };
		CCB3491B2AF9E5EE00DC1267 /* Preview Assets.xcassets in Resources */ = {isa = PBXBuildFile; fileRef = CCB3491A2AF9E5EE00DC1267 /* Preview Assets.xcassets */; };
		CCB349252AF9E5EE00DC1267 /* WACTests.swift in Sources */ = {isa = PBXBuildFile; fileRef = CCB349242AF9E5EE00DC1267 /* WACTests.swift */; };
		CCB3492F2AF9E5EE00DC1267 /* WACUITests.swift in Sources */ = {isa = PBXBuildFile; fileRef = CCB3492E2AF9E5EE00DC1267 /* WACUITests.swift */; };
		CCB349312AF9E5EE00DC1267 /* WACUITestsLaunchTests.swift in Sources */ = {isa = PBXBuildFile; fileRef = CCB349302AF9E5EE00DC1267 /* WACUITestsLaunchTests.swift */; };
		CCB3493E2AF9E85200DC1267 /* ViewModel.swift in Sources */ = {isa = PBXBuildFile; fileRef = CCB3493D2AF9E85200DC1267 /* ViewModel.swift */; };
/* End PBXBuildFile section */

/* Begin PBXContainerItemProxy section */
		CCB349212AF9E5EE00DC1267 /* PBXContainerItemProxy */ = {
			isa = PBXContainerItemProxy;
			containerPortal = CCB349072AF9E5EC00DC1267 /* Project object */;
			proxyType = 1;
			remoteGlobalIDString = CCB3490E2AF9E5EC00DC1267;
			remoteInfo = WAC;
		};
		CCB3492B2AF9E5EE00DC1267 /* PBXContainerItemProxy */ = {
			isa = PBXContainerItemProxy;
			containerPortal = CCB349072AF9E5EC00DC1267 /* Project object */;
			proxyType = 1;
			remoteGlobalIDString = CCB3490E2AF9E5EC00DC1267;
			remoteInfo = WAC;
		};
/* End PBXContainerItemProxy section */

/* Begin PBXFileReference section */
		CCB3490F2AF9E5EC00DC1267 /* WAC.app */ = {isa = PBXFileReference; explicitFileType = wrapper.application; includeInIndex = 0; path = WAC.app; sourceTree = BUILT_PRODUCTS_DIR; };
		CCB349122AF9E5EC00DC1267 /* WACApp.swift */ = {isa = PBXFileReference; lastKnownFileType = sourcecode.swift; path = WACApp.swift; sourceTree = "<group>"; };
		CCB349142AF9E5EC00DC1267 /* ContentView.swift */ = {isa = PBXFileReference; lastKnownFileType = sourcecode.swift; path = ContentView.swift; sourceTree = "<group>"; };
		CCB349162AF9E5EE00DC1267 /* Assets.xcassets */ = {isa = PBXFileReference; lastKnownFileType = folder.assetcatalog; path = Assets.xcassets; sourceTree = "<group>"; };
		CCB349182AF9E5EE00DC1267 /* WAC.entitlements */ = {isa = PBXFileReference; lastKnownFileType = text.plist.entitlements; path = WAC.entitlements; sourceTree = "<group>"; };
		CCB3491A2AF9E5EE00DC1267 /* Preview Assets.xcassets */ = {isa = PBXFileReference; lastKnownFileType = folder.assetcatalog; path = "Preview Assets.xcassets"; sourceTree = "<group>"; };
		CCB349202AF9E5EE00DC1267 /* WACTests.xctest */ = {isa = PBXFileReference; explicitFileType = wrapper.cfbundle; includeInIndex = 0; path = WACTests.xctest; sourceTree = BUILT_PRODUCTS_DIR; };
		CCB349242AF9E5EE00DC1267 /* WACTests.swift */ = {isa = PBXFileReference; lastKnownFileType = sourcecode.swift; path = WACTests.swift; sourceTree = "<group>"; };
		CCB3492A2AF9E5EE00DC1267 /* WACUITests.xctest */ = {isa = PBXFileReference; explicitFileType = wrapper.cfbundle; includeInIndex = 0; path = WACUITests.xctest; sourceTree = BUILT_PRODUCTS_DIR; };
		CCB3492E2AF9E5EE00DC1267 /* WACUITests.swift */ = {isa = PBXFileReference; lastKnownFileType = sourcecode.swift; path = WACUITests.swift; sourceTree = "<group>"; };
		CCB349302AF9E5EE00DC1267 /* WACUITestsLaunchTests.swift */ = {isa = PBXFileReference; lastKnownFileType = sourcecode.swift; path = WACUITestsLaunchTests.swift; sourceTree = "<group>"; };
		CCB3493D2AF9E85200DC1267 /* ViewModel.swift */ = {isa = PBXFileReference; lastKnownFileType = sourcecode.swift; path = ViewModel.swift; sourceTree = "<group>"; };
/* End PBXFileReference section */

/* Begin PBXFrameworksBuildPhase section */
		CCB3490C2AF9E5EC00DC1267 /* Frameworks */ = {
			isa = PBXFrameworksBuildPhase;
			buildActionMask = 2147483647;
			files = (
			);
			runOnlyForDeploymentPostprocessing = 0;
		};
		CCB3491D2AF9E5EE00DC1267 /* Frameworks */ = {
			isa = PBXFrameworksBuildPhase;
			buildActionMask = 2147483647;
			files = (
			);
			runOnlyForDeploymentPostprocessing = 0;
		};
		CCB349272AF9E5EE00DC1267 /* Frameworks */ = {
			isa = PBXFrameworksBuildPhase;
			buildActionMask = 2147483647;
			files = (
			);
			runOnlyForDeploymentPostprocessing = 0;
		};
/* End PBXFrameworksBuildPhase section */

/* Begin PBXGroup section */
		CCB349062AF9E5EC00DC1267 = {
			isa = PBXGroup;
			children = (
				CCB349112AF9E5EC00DC1267 /* WAC */,
				CCB349232AF9E5EE00DC1267 /* WACTests */,
				CCB3492D2AF9E5EE00DC1267 /* WACUITests */,
				CCB349102AF9E5EC00DC1267 /* Products */,
			);
			sourceTree = "<group>";
		};
		CCB349102AF9E5EC00DC1267 /* Products */ = {
			isa = PBXGroup;
			children = (
				CCB3490F2AF9E5EC00DC1267 /* WAC.app */,
				CCB349202AF9E5EE00DC1267 /* WACTests.xctest */,
				CCB3492A2AF9E5EE00DC1267 /* WACUITests.xctest */,
			);
			name = Products;
			sourceTree = "<group>";
		};
		CCB349112AF9E5EC00DC1267 /* WAC */ = {
			isa = PBXGroup;
			children = (
				CCB349122AF9E5EC00DC1267 /* WACApp.swift */,
				CCB349142AF9E5EC00DC1267 /* ContentView.swift */,
				CCB3493D2AF9E85200DC1267 /* ViewModel.swift */,
				CCB349162AF9E5EE00DC1267 /* Assets.xcassets */,
				CCB349182AF9E5EE00DC1267 /* WAC.entitlements */,
				CCB349192AF9E5EE00DC1267 /* Preview Content */,
			);
			path = WAC;
			sourceTree = "<group>";
		};
		CCB349192AF9E5EE00DC1267 /* Preview Content */ = {
			isa = PBXGroup;
			children = (
				CCB3491A2AF9E5EE00DC1267 /* Preview Assets.xcassets */,
			);
			path = "Preview Content";
			sourceTree = "<group>";
		};
		CCB349232AF9E5EE00DC1267 /* WACTests */ = {
			isa = PBXGroup;
			children = (
				CCB349242AF9E5EE00DC1267 /* WACTests.swift */,
			);
			path = WACTests;
			sourceTree = "<group>";
		};
		CCB3492D2AF9E5EE00DC1267 /* WACUITests */ = {
			isa = PBXGroup;
			children = (
				CCB3492E2AF9E5EE00DC1267 /* WACUITests.swift */,
				CCB349302AF9E5EE00DC1267 /* WACUITestsLaunchTests.swift */,
			);
			path = WACUITests;
			sourceTree = "<group>";
		};
/* End PBXGroup section */

/* Begin PBXNativeTarget section */
		CCB3490E2AF9E5EC00DC1267 /* WAC */ = {
			isa = PBXNativeTarget;
			buildConfigurationList = CCB349342AF9E5EF00DC1267 /* Build configuration list for PBXNativeTarget "WAC" */;
			buildPhases = (
				CCB3490B2AF9E5EC00DC1267 /* Sources */,
				CCB3490C2AF9E5EC00DC1267 /* Frameworks */,
				CCB3490D2AF9E5EC00DC1267 /* Resources */,
			);
			buildRules = (
			);
			dependencies = (
			);
			name = WAC;
			productName = WAC;
			productReference = CCB3490F2AF9E5EC00DC1267 /* WAC.app */;
			productType = "com.apple.product-type.application";
		};
		CCB3491F2AF9E5EE00DC1267 /* WACTests */ = {
			isa = PBXNativeTarget;
			buildConfigurationList = CCB349372AF9E5EF00DC1267 /* Build configuration list for PBXNativeTarget "WACTests" */;
			buildPhases = (
				CCB3491C2AF9E5EE00DC1267 /* Sources */,
				CCB3491D2AF9E5EE00DC1267 /* Frameworks */,
				CCB3491E2AF9E5EE00DC1267 /* Resources */,
			);
			buildRules = (
			);
			dependencies = (
				CCB349222AF9E5EE00DC1267 /* PBXTargetDependency */,
			);
			name = WACTests;
			productName = WACTests;
			productReference = CCB349202AF9E5EE00DC1267 /* WACTests.xctest */;
			productType = "com.apple.product-type.bundle.unit-test";
		};
		CCB349292AF9E5EE00DC1267 /* WACUITests */ = {
			isa = PBXNativeTarget;
			buildConfigurationList = CCB3493A2AF9E5EF00DC1267 /* Build configuration list for PBXNativeTarget "WACUITests" */;
			buildPhases = (
				CCB349262AF9E5EE00DC1267 /* Sources */,
				CCB349272AF9E5EE00DC1267 /* Frameworks */,
				CCB349282AF9E5EE00DC1267 /* Resources */,
			);
			buildRules = (
			);
			dependencies = (
				CCB3492C2AF9E5EE00DC1267 /* PBXTargetDependency */,
			);
			name = WACUITests;
			productName = WACUITests;
			productReference = CCB3492A2AF9E5EE00DC1267 /* WACUITests.xctest */;
			productType = "com.apple.product-type.bundle.ui-testing";
		};
/* End PBXNativeTarget section */

/* Begin PBXProject section */
		CCB349072AF9E5EC00DC1267 /* Project object */ = {
			isa = PBXProject;
			attributes = {
				BuildIndependentTargetsInParallel = 1;
				LastSwiftUpdateCheck = 1430;
				LastUpgradeCheck = 1430;
				TargetAttributes = {
					CCB3490E2AF9E5EC00DC1267 = {
						CreatedOnToolsVersion = 14.3.1;
					};
					CCB3491F2AF9E5EE00DC1267 = {
						CreatedOnToolsVersion = 14.3.1;
						TestTargetID = CCB3490E2AF9E5EC00DC1267;
					};
					CCB349292AF9E5EE00DC1267 = {
						CreatedOnToolsVersion = 14.3.1;
						TestTargetID = CCB3490E2AF9E5EC00DC1267;
					};
				};
			};
			buildConfigurationList = CCB3490A2AF9E5EC00DC1267 /* Build configuration list for PBXProject "WAC" */;
			compatibilityVersion = "Xcode 14.0";
			developmentRegion = en;
			hasScannedForEncodings = 0;
			knownRegions = (
				en,
				Base,
			);
			mainGroup = CCB349062AF9E5EC00DC1267;
			productRefGroup = CCB349102AF9E5EC00DC1267 /* Products */;
			projectDirPath = "";
			projectRoot = "";
			targets = (
				CCB3490E2AF9E5EC00DC1267 /* WAC */,
				CCB3491F2AF9E5EE00DC1267 /* WACTests */,
				CCB349292AF9E5EE00DC1267 /* WACUITests */,
			);
		};
/* End PBXProject section */

/* Begin PBXResourcesBuildPhase section */
		CCB3490D2AF9E5EC00DC1267 /* Resources */ = {
			isa = PBXResourcesBuildPhase;
			buildActionMask = 2147483647;
			files = (
				CCB3491B2AF9E5EE00DC1267 /* Preview Assets.xcassets in Resources */,
				CCB349172AF9E5EE00DC1267 /* Assets.xcassets in Resources */,
			);
			runOnlyForDeploymentPostprocessing = 0;
		};
		CCB3491E2AF9E5EE00DC1267 /* Resources */ = {
			isa = PBXResourcesBuildPhase;
			buildActionMask = 2147483647;
			files = (
			);
			runOnlyForDeploymentPostprocessing = 0;
		};
		CCB349282AF9E5EE00DC1267 /* Resources */ = {
			isa = PBXResourcesBuildPhase;
			buildActionMask = 2147483647;
			files = (
			);
			runOnlyForDeploymentPostprocessing = 0;
		};
/* End PBXResourcesBuildPhase section */

/* Begin PBXSourcesBuildPhase section */
		CCB3490B2AF9E5EC00DC1267 /* Sources */ = {
			isa = PBXSourcesBuildPhase;
			buildActionMask = 2147483647;
			files = (
				CCB349152AF9E5EC00DC1267 /* ContentView.swift in Sources */,
				CCB3493E2AF9E85200DC1267 /* ViewModel.swift in Sources */,
				CCB349132AF9E5EC00DC1267 /* WACApp.swift in Sources */,
			);
			runOnlyForDeploymentPostprocessing = 0;
		};
		CCB3491C2AF9E5EE00DC1267 /* Sources */ = {
			isa = PBXSourcesBuildPhase;
			buildActionMask = 2147483647;
			files = (
				CCB349252AF9E5EE00DC1267 /* WACTests.swift in Sources */,
			);
			runOnlyForDeploymentPostprocessing = 0;
		};
		CCB349262AF9E5EE00DC1267 /* Sources */ = {
			isa = PBXSourcesBuildPhase;
			buildActionMask = 2147483647;
			files = (
				CCB349312AF9E5EE00DC1267 /* WACUITestsLaunchTests.swift in Sources */,
				CCB3492F2AF9E5EE00DC1267 /* WACUITests.swift in Sources */,
			);
			runOnlyForDeploymentPostprocessing = 0;
		};
/* End PBXSourcesBuildPhase section */

/* Begin PBXTargetDependency section */
		CCB349222AF9E5EE00DC1267 /* PBXTargetDependency */ = {
			isa = PBXTargetDependency;
			target = CCB3490E2AF9E5EC00DC1267 /* WAC */;
			targetProxy = CCB349212AF9E5EE00DC1267 /* PBXContainerItemProxy */;
		};
		CCB3492C2AF9E5EE00DC1267 /* PBXTargetDependency */ = {
			isa = PBXTargetDependency;
			target = CCB3490E2AF9E5EC00DC1267 /* WAC */;
			targetProxy = CCB3492B2AF9E5EE00DC1267 /* PBXContainerItemProxy */;
		};
/* End PBXTargetDependency section */

/* Begin XCBuildConfiguration section */
		CCB349322AF9E5EF00DC1267 /* Debug */ = {
			isa = XCBuildConfiguration;
			buildSettings = {
				ALWAYS_SEARCH_USER_PATHS = NO;
				CLANG_ANALYZER_NONNULL = YES;
				CLANG_ANALYZER_NUMBER_OBJECT_CONVERSION = YES_AGGRESSIVE;
				CLANG_CXX_LANGUAGE_STANDARD = "gnu++20";
				CLANG_ENABLE_MODULES = YES;
				CLANG_ENABLE_OBJC_ARC = YES;
				CLANG_ENABLE_OBJC_WEAK = YES;
				CLANG_WARN_BLOCK_CAPTURE_AUTORELEASING = YES;
				CLANG_WARN_BOOL_CONVERSION = YES;
				CLANG_WARN_COMMA = YES;
				CLANG_WARN_CONSTANT_CONVERSION = YES;
				CLANG_WARN_DEPRECATED_OBJC_IMPLEMENTATIONS = YES;
				CLANG_WARN_DIRECT_OBJC_ISA_USAGE = YES_ERROR;
				CLANG_WARN_DOCUMENTATION_COMMENTS = YES;
				CLANG_WARN_EMPTY_BODY = YES;
				CLANG_WARN_ENUM_CONVERSION = YES;
				CLANG_WARN_INFINITE_RECURSION = YES;
				CLANG_WARN_INT_CONVERSION = YES;
				CLANG_WARN_NON_LITERAL_NULL_CONVERSION = YES;
				CLANG_WARN_OBJC_IMPLICIT_RETAIN_SELF = YES;
				CLANG_WARN_OBJC_LITERAL_CONVERSION = YES;
				CLANG_WARN_OBJC_ROOT_CLASS = YES_ERROR;
				CLANG_WARN_QUOTED_INCLUDE_IN_FRAMEWORK_HEADER = YES;
				CLANG_WARN_RANGE_LOOP_ANALYSIS = YES;
				CLANG_WARN_STRICT_PROTOTYPES = YES;
				CLANG_WARN_SUSPICIOUS_MOVE = YES;
				CLANG_WARN_UNGUARDED_AVAILABILITY = YES_AGGRESSIVE;
				CLANG_WARN_UNREACHABLE_CODE = YES;
				CLANG_WARN__DUPLICATE_METHOD_MATCH = YES;
				COPY_PHASE_STRIP = NO;
				DEBUG_INFORMATION_FORMAT = dwarf;
				ENABLE_STRICT_OBJC_MSGSEND = YES;
				ENABLE_TESTABILITY = YES;
				GCC_C_LANGUAGE_STANDARD = gnu11;
				GCC_DYNAMIC_NO_PIC = NO;
				GCC_NO_COMMON_BLOCKS = YES;
				GCC_OPTIMIZATION_LEVEL = 0;
				GCC_PREPROCESSOR_DEFINITIONS = (
					"DEBUG=1",
					"$(inherited)",
				);
				GCC_WARN_64_TO_32_BIT_CONVERSION = YES;
				GCC_WARN_ABOUT_RETURN_TYPE = YES_ERROR;
				GCC_WARN_UNDECLARED_SELECTOR = YES;
				GCC_WARN_UNINITIALIZED_AUTOS = YES_AGGRESSIVE;
				GCC_WARN_UNUSED_FUNCTION = YES;
				GCC_WARN_UNUSED_VARIABLE = YES;
				MTL_ENABLE_DEBUG_INFO = INCLUDE_SOURCE;
				MTL_FAST_MATH = YES;
				ONLY_ACTIVE_ARCH = YES;
				SWIFT_ACTIVE_COMPILATION_CONDITIONS = DEBUG;
				SWIFT_OPTIMIZATION_LEVEL = "-Onone";
			};
			name = Debug;
		};
		CCB349332AF9E5EF00DC1267 /* Release */ = {
			isa = XCBuildConfiguration;
			buildSettings = {
				ALWAYS_SEARCH_USER_PATHS = NO;
				CLANG_ANALYZER_NONNULL = YES;
				CLANG_ANALYZER_NUMBER_OBJECT_CONVERSION = YES_AGGRESSIVE;
				CLANG_CXX_LANGUAGE_STANDARD = "gnu++20";
				CLANG_ENABLE_MODULES = YES;
				CLANG_ENABLE_OBJC_ARC = YES;
				CLANG_ENABLE_OBJC_WEAK = YES;
				CLANG_WARN_BLOCK_CAPTURE_AUTORELEASING = YES;
				CLANG_WARN_BOOL_CONVERSION = YES;
				CLANG_WARN_COMMA = YES;
				CLANG_WARN_CONSTANT_CONVERSION = YES;
				CLANG_WARN_DEPRECATED_OBJC_IMPLEMENTATIONS = YES;
				CLANG_WARN_DIRECT_OBJC_ISA_USAGE = YES_ERROR;
				CLANG_WARN_DOCUMENTATION_COMMENTS = YES;
				CLANG_WARN_EMPTY_BODY = YES;
				CLANG_WARN_ENUM_CONVERSION = YES;
				CLANG_WARN_INFINITE_RECURSION = YES;
				CLANG_WARN_INT_CONVERSION = YES;
				CLANG_WARN_NON_LITERAL_NULL_CONVERSION = YES;
				CLANG_WARN_OBJC_IMPLICIT_RETAIN_SELF = YES;
				CLANG_WARN_OBJC_LITERAL_CONVERSION = YES;
				CLANG_WARN_OBJC_ROOT_CLASS = YES_ERROR;
				CLANG_WARN_QUOTED_INCLUDE_IN_FRAMEWORK_HEADER = YES;
				CLANG_WARN_RANGE_LOOP_ANALYSIS = YES;
				CLANG_WARN_STRICT_PROTOTYPES = YES;
				CLANG_WARN_SUSPICIOUS_MOVE = YES;
				CLANG_WARN_UNGUARDED_AVAILABILITY = YES_AGGRESSIVE;
				CLANG_WARN_UNREACHABLE_CODE = YES;
				CLANG_WARN__DUPLICATE_METHOD_MATCH = YES;
				COPY_PHASE_STRIP = NO;
				DEBUG_INFORMATION_FORMAT = "dwarf-with-dsym";
				ENABLE_NS_ASSERTIONS = NO;
				ENABLE_STRICT_OBJC_MSGSEND = YES;
				GCC_C_LANGUAGE_STANDARD = gnu11;
				GCC_NO_COMMON_BLOCKS = YES;
				GCC_WARN_64_TO_32_BIT_CONVERSION = YES;
				GCC_WARN_ABOUT_RETURN_TYPE = YES_ERROR;
				GCC_WARN_UNDECLARED_SELECTOR = YES;
				GCC_WARN_UNINITIALIZED_AUTOS = YES_AGGRESSIVE;
				GCC_WARN_UNUSED_FUNCTION = YES;
				GCC_WARN_UNUSED_VARIABLE = YES;
				MTL_ENABLE_DEBUG_INFO = NO;
				MTL_FAST_MATH = YES;
				SWIFT_COMPILATION_MODE = wholemodule;
				SWIFT_OPTIMIZATION_LEVEL = "-O";
			};
			name = Release;
		};
		CCB349352AF9E5EF00DC1267 /* Debug */ = {
			isa = XCBuildConfiguration;
			buildSettings = {
				ASSETCATALOG_COMPILER_APPICON_NAME = AppIcon;
				ASSETCATALOG_COMPILER_GLOBAL_ACCENT_COLOR_NAME = AccentColor;
				CODE_SIGN_ENTITLEMENTS = WAC/WAC.entitlements;
				CODE_SIGN_STYLE = Automatic;
				CURRENT_PROJECT_VERSION = 1;
				DEVELOPMENT_ASSET_PATHS = "\"WAC/Preview Content\"";
				ENABLE_PREVIEWS = YES;
				GENERATE_INFOPLIST_FILE = YES;
				"INFOPLIST_KEY_UIApplicationSceneManifest_Generation[sdk=iphoneos*]" = YES;
				"INFOPLIST_KEY_UIApplicationSceneManifest_Generation[sdk=iphonesimulator*]" = YES;
				"INFOPLIST_KEY_UIApplicationSupportsIndirectInputEvents[sdk=iphoneos*]" = YES;
				"INFOPLIST_KEY_UIApplicationSupportsIndirectInputEvents[sdk=iphonesimulator*]" = YES;
				"INFOPLIST_KEY_UILaunchScreen_Generation[sdk=iphoneos*]" = YES;
				"INFOPLIST_KEY_UILaunchScreen_Generation[sdk=iphonesimulator*]" = YES;
				"INFOPLIST_KEY_UIStatusBarStyle[sdk=iphoneos*]" = UIStatusBarStyleDefault;
				"INFOPLIST_KEY_UIStatusBarStyle[sdk=iphonesimulator*]" = UIStatusBarStyleDefault;
				INFOPLIST_KEY_UISupportedInterfaceOrientations_iPad = "UIInterfaceOrientationPortrait UIInterfaceOrientationPortraitUpsideDown UIInterfaceOrientationLandscapeLeft UIInterfaceOrientationLandscapeRight";
				INFOPLIST_KEY_UISupportedInterfaceOrientations_iPhone = "UIInterfaceOrientationPortrait UIInterfaceOrientationLandscapeLeft UIInterfaceOrientationLandscapeRight";
				IPHONEOS_DEPLOYMENT_TARGET = 16.4;
				LD_RUNPATH_SEARCH_PATHS = "@executable_path/Frameworks";
				"LD_RUNPATH_SEARCH_PATHS[sdk=macosx*]" = "@executable_path/../Frameworks";
				MACOSX_DEPLOYMENT_TARGET = 13.2;
				MARKETING_VERSION = 1.0;
				PRODUCT_BUNDLE_IDENTIFIER = irine.WAC;
				PRODUCT_NAME = "$(TARGET_NAME)";
				SDKROOT = auto;
				SUPPORTED_PLATFORMS = "iphoneos iphonesimulator macosx";
				SWIFT_EMIT_LOC_STRINGS = YES;
				SWIFT_VERSION = 5.0;
				TARGETED_DEVICE_FAMILY = "1,2";
			};
			name = Debug;
		};
		CCB349362AF9E5EF00DC1267 /* Release */ = {
			isa = XCBuildConfiguration;
			buildSettings = {
				ASSETCATALOG_COMPILER_APPICON_NAME = AppIcon;
				ASSETCATALOG_COMPILER_GLOBAL_ACCENT_COLOR_NAME = AccentColor;
				CODE_SIGN_ENTITLEMENTS = WAC/WAC.entitlements;
				CODE_SIGN_STYLE = Automatic;
				CURRENT_PROJECT_VERSION = 1;
				DEVELOPMENT_ASSET_PATHS = "\"WAC/Preview Content\"";
				ENABLE_PREVIEWS = YES;
				GENERATE_INFOPLIST_FILE = YES;
				"INFOPLIST_KEY_UIApplicationSceneManifest_Generation[sdk=iphoneos*]" = YES;
				"INFOPLIST_KEY_UIApplicationSceneManifest_Generation[sdk=iphonesimulator*]" = YES;
				"INFOPLIST_KEY_UIApplicationSupportsIndirectInputEvents[sdk=iphoneos*]" = YES;
				"INFOPLIST_KEY_UIApplicationSupportsIndirectInputEvents[sdk=iphonesimulator*]" = YES;
				"INFOPLIST_KEY_UILaunchScreen_Generation[sdk=iphoneos*]" = YES;
				"INFOPLIST_KEY_UILaunchScreen_Generation[sdk=iphonesimulator*]" = YES;
				"INFOPLIST_KEY_UIStatusBarStyle[sdk=iphoneos*]" = UIStatusBarStyleDefault;
				"INFOPLIST_KEY_UIStatusBarStyle[sdk=iphonesimulator*]" = UIStatusBarStyleDefault;
				INFOPLIST_KEY_UISupportedInterfaceOrientations_iPad = "UIInterfaceOrientationPortrait UIInterfaceOrientationPortraitUpsideDown UIInterfaceOrientationLandscapeLeft UIInterfaceOrientationLandscapeRight";
				INFOPLIST_KEY_UISupportedInterfaceOrientations_iPhone = "UIInterfaceOrientationPortrait UIInterfaceOrientationLandscapeLeft UIInterfaceOrientationLandscapeRight";
				IPHONEOS_DEPLOYMENT_TARGET = 16.4;
				LD_RUNPATH_SEARCH_PATHS = "@executable_path/Frameworks";
				"LD_RUNPATH_SEARCH_PATHS[sdk=macosx*]" = "@executable_path/../Frameworks";
				MACOSX_DEPLOYMENT_TARGET = 13.2;
				MARKETING_VERSION = 1.0;
				PRODUCT_BUNDLE_IDENTIFIER = irine.WAC;
				PRODUCT_NAME = "$(TARGET_NAME)";
				SDKROOT = auto;
				SUPPORTED_PLATFORMS = "iphoneos iphonesimulator macosx";
				SWIFT_EMIT_LOC_STRINGS = YES;
				SWIFT_VERSION = 5.0;
				TARGETED_DEVICE_FAMILY = "1,2";
			};
			name = Release;
		};
		CCB349382AF9E5EF00DC1267 /* Debug */ = {
			isa = XCBuildConfiguration;
			buildSettings = {
				ALWAYS_EMBED_SWIFT_STANDARD_LIBRARIES = YES;
				BUNDLE_LOADER = "$(TEST_HOST)";
				CODE_SIGN_STYLE = Automatic;
				CURRENT_PROJECT_VERSION = 1;
				GENERATE_INFOPLIST_FILE = YES;
				IPHONEOS_DEPLOYMENT_TARGET = 16.4;
				MACOSX_DEPLOYMENT_TARGET = 13.2;
				MARKETING_VERSION = 1.0;
				PRODUCT_BUNDLE_IDENTIFIER = irine.WACTests;
				PRODUCT_NAME = "$(TARGET_NAME)";
				SDKROOT = auto;
				SUPPORTED_PLATFORMS = "iphoneos iphonesimulator macosx";
				SWIFT_EMIT_LOC_STRINGS = NO;
				SWIFT_VERSION = 5.0;
				TARGETED_DEVICE_FAMILY = "1,2";
				TEST_HOST = "$(BUILT_PRODUCTS_DIR)/WAC.app/$(BUNDLE_EXECUTABLE_FOLDER_PATH)/WAC";
			};
			name = Debug;
		};
		CCB349392AF9E5EF00DC1267 /* Release */ = {
			isa = XCBuildConfiguration;
			buildSettings = {
				ALWAYS_EMBED_SWIFT_STANDARD_LIBRARIES = YES;
				BUNDLE_LOADER = "$(TEST_HOST)";
				CODE_SIGN_STYLE = Automatic;
				CURRENT_PROJECT_VERSION = 1;
				GENERATE_INFOPLIST_FILE = YES;
				IPHONEOS_DEPLOYMENT_TARGET = 16.4;
				MACOSX_DEPLOYMENT_TARGET = 13.2;
				MARKETING_VERSION = 1.0;
				PRODUCT_BUNDLE_IDENTIFIER = irine.WACTests;
				PRODUCT_NAME = "$(TARGET_NAME)";
				SDKROOT = auto;
				SUPPORTED_PLATFORMS = "iphoneos iphonesimulator macosx";
				SWIFT_EMIT_LOC_STRINGS = NO;
				SWIFT_VERSION = 5.0;
				TARGETED_DEVICE_FAMILY = "1,2";
				TEST_HOST = "$(BUILT_PRODUCTS_DIR)/WAC.app/$(BUNDLE_EXECUTABLE_FOLDER_PATH)/WAC";
			};
			name = Release;
		};
		CCB3493B2AF9E5EF00DC1267 /* Debug */ = {
			isa = XCBuildConfiguration;
			buildSettings = {
				ALWAYS_EMBED_SWIFT_STANDARD_LIBRARIES = YES;
				CODE_SIGN_STYLE = Automatic;
				CURRENT_PROJECT_VERSION = 1;
				GENERATE_INFOPLIST_FILE = YES;
				IPHONEOS_DEPLOYMENT_TARGET = 16.4;
				MACOSX_DEPLOYMENT_TARGET = 13.2;
				MARKETING_VERSION = 1.0;
				PRODUCT_BUNDLE_IDENTIFIER = irine.WACUITests;
				PRODUCT_NAME = "$(TARGET_NAME)";
				SDKROOT = auto;
				SUPPORTED_PLATFORMS = "iphoneos iphonesimulator macosx";
				SWIFT_EMIT_LOC_STRINGS = NO;
				SWIFT_VERSION = 5.0;
				TARGETED_DEVICE_FAMILY = "1,2";
				TEST_TARGET_NAME = WAC;
			};
			name = Debug;
		};
		CCB3493C2AF9E5EF00DC1267 /* Release */ = {
			isa = XCBuildConfiguration;
			buildSettings = {
				ALWAYS_EMBED_SWIFT_STANDARD_LIBRARIES = YES;
				CODE_SIGN_STYLE = Automatic;
				CURRENT_PROJECT_VERSION = 1;
				GENERATE_INFOPLIST_FILE = YES;
				IPHONEOS_DEPLOYMENT_TARGET = 16.4;
				MACOSX_DEPLOYMENT_TARGET = 13.2;
				MARKETING_VERSION = 1.0;
				PRODUCT_BUNDLE_IDENTIFIER = irine.WACUITests;
				PRODUCT_NAME = "$(TARGET_NAME)";
				SDKROOT = auto;
				SUPPORTED_PLATFORMS = "iphoneos iphonesimulator macosx";
				SWIFT_EMIT_LOC_STRINGS = NO;
				SWIFT_VERSION = 5.0;
				TARGETED_DEVICE_FAMILY = "1,2";
				TEST_TARGET_NAME = WAC;
			};
			name = Release;
		};
/* End XCBuildConfiguration section */

/* Begin XCConfigurationList section */
		CCB3490A2AF9E5EC00DC1267 /* Build configuration list for PBXProject "WAC" */ = {
			isa = XCConfigurationList;
			buildConfigurations = (
				CCB349322AF9E5EF00DC1267 /* Debug */,
				CCB349332AF9E5EF00DC1267 /* Release */,
			);
			defaultConfigurationIsVisible = 0;
			defaultConfigurationName = Release;
		};
		CCB349342AF9E5EF00DC1267 /* Build configuration list for PBXNativeTarget "WAC" */ = {
			isa = XCConfigurationList;
			buildConfigurations = (
				CCB349352AF9E5EF00DC1267 /* Debug */,
				CCB349362AF9E5EF00DC1267 /* Release */,
			);
			defaultConfigurationIsVisible = 0;
			defaultConfigurationName = Release;
		};
		CCB349372AF9E5EF00DC1267 /* Build configuration list for PBXNativeTarget "WACTests" */ = {
			isa = XCConfigurationList;
			buildConfigurations = (
				CCB349382AF9E5EF00DC1267 /* Debug */,
				CCB349392AF9E5EF00DC1267 /* Release */,
			);
			defaultConfigurationIsVisible = 0;
			defaultConfigurationName = Release;
		};
		CCB3493A2AF9E5EF00DC1267 /* Build configuration list for PBXNativeTarget "WACUITests" */ = {
			isa = XCConfigurationList;
			buildConfigurations = (
				CCB3493B2AF9E5EF00DC1267 /* Debug */,
				CCB3493C2AF9E5EF00DC1267 /* Release */,
			);
			defaultConfigurationIsVisible = 0;
			defaultConfigurationName = Release;
		};
/* End XCConfigurationList section */
	};
	rootObject = CCB349072AF9E5EC00DC1267 /* Project object */;
}
